Microsoft Visual Studio Solution File, Format Version 12.00
# Visual Studio 15
VisualStudioVersion = 15.0.26430.12
MinimumVisualStudioVersion = 10.0.40219.1
Project("{FAE04EC0-301F-11D3-BF4B-00C04F79EFBC}") = "Mark5.Mobile.Common", "Mark5.Mobile.Common\Mark5.Mobile.Common.csproj", "{A7F40F0E-DEF1-4CA5-BEE9-E611DF20FC3D}"
EndProject
Project("{2150E333-8FDC-42A3-9474-1A3956D46DE8}") = "ServiceReference", "ServiceReference", "{C022688D-6A2D-4129-8E33-E247269DF0FE}"
EndProject
Project("{FAE04EC0-301F-11D3-BF4B-00C04F79EFBC}") = "Mark5.ServiceReference", "Mark5.ServiceReference\Mark5.ServiceReference.csproj", "{9C956B45-460F-4EFE-B462-0DB6CA91A50D}"
EndProject
Project("{FAE04EC0-301F-11D3-BF4B-00C04F79EFBC}") = "Mark5.ServiceReference.Exceptions", "Mark5.ServiceReference.Exceptions\Mark5.ServiceReference.Exceptions.csproj", "{06432085-F969-4FB0-860B-6AC0F7B0F69D}"
EndProject
Project("{2150E333-8FDC-42A3-9474-1A3956D46DE8}") = "Libraries", "Libraries", "{D206A682-2B43-4B0B-B511-5933338553E8}"
EndProject
Project("{FAE04EC0-301F-11D3-BF4B-00C04F79EFBC}") = "TinyMessenger", "TinyMessenger\TinyMessenger.csproj", "{A54356BD-9CC4-4DE0-A8DC-9B2D9D6ED288}"
EndProject
Project("{FAE04EC0-301F-11D3-BF4B-00C04F79EFBC}") = "SVProgressHUD", "SVProgressHUD\SVProgressHUD.csproj", "{5DDB3BAE-617A-417A-B6AA-68F82B48E3AF}"
EndProject
Project("{FAE04EC0-301F-11D3-BF4B-00C04F79EFBC}") = "FastScrollRecycler", "FastScrollRecycler\FastScrollRecycler.csproj", "{F36FC024-B7D6-4512-BF4C-AEC8B0C93CE2}"
EndProject
Project("{FAE04EC0-301F-11D3-BF4B-00C04F79EFBC}") = "Mark5.Mobile.IOS", "Mark5.Mobile.IOS\Mark5.Mobile.IOS.csproj", "{3FB59A6F-9438-433D-A3BA-247D914A06AE}"
EndProject
Project("{FAE04EC0-301F-11D3-BF4B-00C04F79EFBC}") = "Mark5.Mobile.Droid", "Mark5.Mobile.Droid\Mark5.Mobile.Droid.csproj", "{18408F16-3AEB-4095-949F-3299BACA8B58}"
EndProject
Project("{FAE04EC0-301F-11D3-BF4B-00C04F79EFBC}") = "MaterialDialogs", "MaterialDialogs\MaterialDialogs.csproj", "{03F5EB27-28E4-4309-962C-628C73475478}"
EndProject
Project("{FAE04EC0-301F-11D3-BF4B-00C04F79EFBC}") = "Mark5.Mobile.IOS.Common", "Mark5.Mobile.IOS.Common\Mark5.Mobile.IOS.Common.csproj", "{9735C6AC-AAEE-4768-B8DB-E29A2FAFF4F9}"
EndProject
Project("{FAE04EC0-301F-11D3-BF4B-00C04F79EFBC}") = "Mark5.Mobile.IOS.Extensions.CallId", "Mark5.Mobile.IOS.Extensions.CallId\Mark5.Mobile.IOS.Extensions.CallId.csproj", "{D8B702CE-A49B-4A21-88F3-9648E0051AB6}"
EndProject
Global
	GlobalSection(SolutionConfigurationPlatforms) = preSolution
		Ad-Hoc|Any CPU = Ad-Hoc|Any CPU
		Ad-Hoc|iPhone = Ad-Hoc|iPhone
		Ad-Hoc|iPhoneSimulator = Ad-Hoc|iPhoneSimulator
		AppStore|Any CPU = AppStore|Any CPU
		AppStore|iPhone = AppStore|iPhone
		AppStore|iPhoneSimulator = AppStore|iPhoneSimulator
		Debug|Any CPU = Debug|Any CPU
		Debug|iPhone = Debug|iPhone
		Debug|iPhoneSimulator = Debug|iPhoneSimulator
		Release|Any CPU = Release|Any CPU
		Release|iPhone = Release|iPhone
		Release|iPhoneSimulator = Release|iPhoneSimulator
	EndGlobalSection
	GlobalSection(ProjectConfigurationPlatforms) = postSolution
		{A7F40F0E-DEF1-4CA5-BEE9-E611DF20FC3D}.Ad-Hoc|Any CPU.ActiveCfg = Release|Any CPU
		{A7F40F0E-DEF1-4CA5-BEE9-E611DF20FC3D}.Ad-Hoc|iPhone.ActiveCfg = Release|Any CPU
		{A7F40F0E-DEF1-4CA5-BEE9-E611DF20FC3D}.Ad-Hoc|iPhoneSimulator.ActiveCfg = Release|Any CPU
		{A7F40F0E-DEF1-4CA5-BEE9-E611DF20FC3D}.AppStore|Any CPU.ActiveCfg = Release|Any CPU
		{A7F40F0E-DEF1-4CA5-BEE9-E611DF20FC3D}.AppStore|iPhone.ActiveCfg = Release|Any CPU
		{A7F40F0E-DEF1-4CA5-BEE9-E611DF20FC3D}.AppStore|iPhoneSimulator.ActiveCfg = Release|Any CPU
		{A7F40F0E-DEF1-4CA5-BEE9-E611DF20FC3D}.Debug|Any CPU.ActiveCfg = Debug|Any CPU
		{A7F40F0E-DEF1-4CA5-BEE9-E611DF20FC3D}.Debug|Any CPU.Build.0 = Debug|Any CPU
		{A7F40F0E-DEF1-4CA5-BEE9-E611DF20FC3D}.Debug|iPhone.ActiveCfg = Debug|Any CPU
		{A7F40F0E-DEF1-4CA5-BEE9-E611DF20FC3D}.Debug|iPhone.Build.0 = Debug|Any CPU
		{A7F40F0E-DEF1-4CA5-BEE9-E611DF20FC3D}.Debug|iPhoneSimulator.ActiveCfg = Debug|Any CPU
		{A7F40F0E-DEF1-4CA5-BEE9-E611DF20FC3D}.Debug|iPhoneSimulator.Build.0 = Debug|Any CPU
		{A7F40F0E-DEF1-4CA5-BEE9-E611DF20FC3D}.Release|Any CPU.ActiveCfg = Release|Any CPU
		{A7F40F0E-DEF1-4CA5-BEE9-E611DF20FC3D}.Release|Any CPU.Build.0 = Release|Any CPU
		{A7F40F0E-DEF1-4CA5-BEE9-E611DF20FC3D}.Release|iPhone.ActiveCfg = Release|Any CPU
		{A7F40F0E-DEF1-4CA5-BEE9-E611DF20FC3D}.Release|iPhone.Build.0 = Release|Any CPU
		{A7F40F0E-DEF1-4CA5-BEE9-E611DF20FC3D}.Release|iPhoneSimulator.ActiveCfg = Release|Any CPU
		{A7F40F0E-DEF1-4CA5-BEE9-E611DF20FC3D}.Release|iPhoneSimulator.Build.0 = Release|Any CPU
		{9C956B45-460F-4EFE-B462-0DB6CA91A50D}.Ad-Hoc|Any CPU.ActiveCfg = Release|Any CPU
		{9C956B45-460F-4EFE-B462-0DB6CA91A50D}.Ad-Hoc|iPhone.ActiveCfg = Release|Any CPU
		{9C956B45-460F-4EFE-B462-0DB6CA91A50D}.Ad-Hoc|iPhoneSimulator.ActiveCfg = Release|Any CPU
		{9C956B45-460F-4EFE-B462-0DB6CA91A50D}.AppStore|Any CPU.ActiveCfg = Release|Any CPU
		{9C956B45-460F-4EFE-B462-0DB6CA91A50D}.AppStore|iPhone.ActiveCfg = Release|Any CPU
		{9C956B45-460F-4EFE-B462-0DB6CA91A50D}.AppStore|iPhoneSimulator.ActiveCfg = Release|Any CPU
		{9C956B45-460F-4EFE-B462-0DB6CA91A50D}.Debug|Any CPU.ActiveCfg = Debug|Any CPU
		{9C956B45-460F-4EFE-B462-0DB6CA91A50D}.Debug|Any CPU.Build.0 = Debug|Any CPU
		{9C956B45-460F-4EFE-B462-0DB6CA91A50D}.Debug|iPhone.ActiveCfg = Debug|Any CPU
		{9C956B45-460F-4EFE-B462-0DB6CA91A50D}.Debug|iPhone.Build.0 = Debug|Any CPU
		{9C956B45-460F-4EFE-B462-0DB6CA91A50D}.Debug|iPhoneSimulator.ActiveCfg = Debug|Any CPU
		{9C956B45-460F-4EFE-B462-0DB6CA91A50D}.Debug|iPhoneSimulator.Build.0 = Debug|Any CPU
		{9C956B45-460F-4EFE-B462-0DB6CA91A50D}.Release|Any CPU.ActiveCfg = Release|Any CPU
		{9C956B45-460F-4EFE-B462-0DB6CA91A50D}.Release|Any CPU.Build.0 = Release|Any CPU
		{9C956B45-460F-4EFE-B462-0DB6CA91A50D}.Release|iPhone.ActiveCfg = Release|Any CPU
		{9C956B45-460F-4EFE-B462-0DB6CA91A50D}.Release|iPhone.Build.0 = Release|Any CPU
		{9C956B45-460F-4EFE-B462-0DB6CA91A50D}.Release|iPhoneSimulator.ActiveCfg = Release|Any CPU
		{9C956B45-460F-4EFE-B462-0DB6CA91A50D}.Release|iPhoneSimulator.Build.0 = Release|Any CPU
		{06432085-F969-4FB0-860B-6AC0F7B0F69D}.Ad-Hoc|Any CPU.ActiveCfg = Release|Any CPU
		{06432085-F969-4FB0-860B-6AC0F7B0F69D}.Ad-Hoc|iPhone.ActiveCfg = Release|Any CPU
		{06432085-F969-4FB0-860B-6AC0F7B0F69D}.Ad-Hoc|iPhoneSimulator.ActiveCfg = Release|Any CPU
		{06432085-F969-4FB0-860B-6AC0F7B0F69D}.AppStore|Any CPU.ActiveCfg = Release|Any CPU
		{06432085-F969-4FB0-860B-6AC0F7B0F69D}.AppStore|iPhone.ActiveCfg = Release|Any CPU
		{06432085-F969-4FB0-860B-6AC0F7B0F69D}.AppStore|iPhoneSimulator.ActiveCfg = Release|Any CPU
		{06432085-F969-4FB0-860B-6AC0F7B0F69D}.Debug|Any CPU.ActiveCfg = Debug|Any CPU
		{06432085-F969-4FB0-860B-6AC0F7B0F69D}.Debug|Any CPU.Build.0 = Debug|Any CPU
		{06432085-F969-4FB0-860B-6AC0F7B0F69D}.Debug|iPhone.ActiveCfg = Debug|Any CPU
		{06432085-F969-4FB0-860B-6AC0F7B0F69D}.Debug|iPhone.Build.0 = Debug|Any CPU
		{06432085-F969-4FB0-860B-6AC0F7B0F69D}.Debug|iPhoneSimulator.ActiveCfg = Debug|Any CPU
		{06432085-F969-4FB0-860B-6AC0F7B0F69D}.Debug|iPhoneSimulator.Build.0 = Debug|Any CPU
		{06432085-F969-4FB0-860B-6AC0F7B0F69D}.Release|Any CPU.ActiveCfg = Release|Any CPU
		{06432085-F969-4FB0-860B-6AC0F7B0F69D}.Release|Any CPU.Build.0 = Release|Any CPU
		{06432085-F969-4FB0-860B-6AC0F7B0F69D}.Release|iPhone.ActiveCfg = Release|Any CPU
		{06432085-F969-4FB0-860B-6AC0F7B0F69D}.Release|iPhone.Build.0 = Release|Any CPU
		{06432085-F969-4FB0-860B-6AC0F7B0F69D}.Release|iPhoneSimulator.ActiveCfg = Release|Any CPU
		{06432085-F969-4FB0-860B-6AC0F7B0F69D}.Release|iPhoneSimulator.Build.0 = Release|Any CPU
		{A54356BD-9CC4-4DE0-A8DC-9B2D9D6ED288}.Ad-Hoc|Any CPU.ActiveCfg = Release|Any CPU
		{A54356BD-9CC4-4DE0-A8DC-9B2D9D6ED288}.Ad-Hoc|iPhone.ActiveCfg = Release|Any CPU
		{A54356BD-9CC4-4DE0-A8DC-9B2D9D6ED288}.Ad-Hoc|iPhoneSimulator.ActiveCfg = Release|Any CPU
		{A54356BD-9CC4-4DE0-A8DC-9B2D9D6ED288}.AppStore|Any CPU.ActiveCfg = Release|Any CPU
		{A54356BD-9CC4-4DE0-A8DC-9B2D9D6ED288}.AppStore|iPhone.ActiveCfg = Release|Any CPU
		{A54356BD-9CC4-4DE0-A8DC-9B2D9D6ED288}.AppStore|iPhoneSimulator.ActiveCfg = Release|Any CPU
		{A54356BD-9CC4-4DE0-A8DC-9B2D9D6ED288}.Debug|Any CPU.ActiveCfg = Debug|Any CPU
		{A54356BD-9CC4-4DE0-A8DC-9B2D9D6ED288}.Debug|Any CPU.Build.0 = Debug|Any CPU
		{A54356BD-9CC4-4DE0-A8DC-9B2D9D6ED288}.Debug|iPhone.ActiveCfg = Debug|Any CPU
		{A54356BD-9CC4-4DE0-A8DC-9B2D9D6ED288}.Debug|iPhone.Build.0 = Debug|Any CPU
		{A54356BD-9CC4-4DE0-A8DC-9B2D9D6ED288}.Debug|iPhoneSimulator.ActiveCfg = Debug|Any CPU
		{A54356BD-9CC4-4DE0-A8DC-9B2D9D6ED288}.Debug|iPhoneSimulator.Build.0 = Debug|Any CPU
		{A54356BD-9CC4-4DE0-A8DC-9B2D9D6ED288}.Release|Any CPU.ActiveCfg = Release|Any CPU
		{A54356BD-9CC4-4DE0-A8DC-9B2D9D6ED288}.Release|Any CPU.Build.0 = Release|Any CPU
		{A54356BD-9CC4-4DE0-A8DC-9B2D9D6ED288}.Release|iPhone.ActiveCfg = Release|Any CPU
		{A54356BD-9CC4-4DE0-A8DC-9B2D9D6ED288}.Release|iPhone.Build.0 = Release|Any CPU
		{A54356BD-9CC4-4DE0-A8DC-9B2D9D6ED288}.Release|iPhoneSimulator.ActiveCfg = Release|Any CPU
		{A54356BD-9CC4-4DE0-A8DC-9B2D9D6ED288}.Release|iPhoneSimulator.Build.0 = Release|Any CPU
		{5DDB3BAE-617A-417A-B6AA-68F82B48E3AF}.Ad-Hoc|Any CPU.ActiveCfg = Release|Any CPU
		{5DDB3BAE-617A-417A-B6AA-68F82B48E3AF}.Ad-Hoc|iPhone.ActiveCfg = Release|Any CPU
		{5DDB3BAE-617A-417A-B6AA-68F82B48E3AF}.Ad-Hoc|iPhoneSimulator.ActiveCfg = Release|Any CPU
		{5DDB3BAE-617A-417A-B6AA-68F82B48E3AF}.AppStore|Any CPU.ActiveCfg = Release|Any CPU
		{5DDB3BAE-617A-417A-B6AA-68F82B48E3AF}.AppStore|iPhone.ActiveCfg = Release|Any CPU
		{5DDB3BAE-617A-417A-B6AA-68F82B48E3AF}.AppStore|iPhoneSimulator.ActiveCfg = Release|Any CPU
		{5DDB3BAE-617A-417A-B6AA-68F82B48E3AF}.Debug|Any CPU.ActiveCfg = Debug|Any CPU
		{5DDB3BAE-617A-417A-B6AA-68F82B48E3AF}.Debug|iPhone.ActiveCfg = Debug|Any CPU
		{5DDB3BAE-617A-417A-B6AA-68F82B48E3AF}.Debug|iPhone.Build.0 = Debug|Any CPU
		{5DDB3BAE-617A-417A-B6AA-68F82B48E3AF}.Debug|iPhoneSimulator.ActiveCfg = Debug|Any CPU
		{5DDB3BAE-617A-417A-B6AA-68F82B48E3AF}.Debug|iPhoneSimulator.Build.0 = Debug|Any CPU
		{5DDB3BAE-617A-417A-B6AA-68F82B48E3AF}.Release|Any CPU.ActiveCfg = Release|Any CPU
		{5DDB3BAE-617A-417A-B6AA-68F82B48E3AF}.Release|iPhone.ActiveCfg = Release|Any CPU
		{5DDB3BAE-617A-417A-B6AA-68F82B48E3AF}.Release|iPhone.Build.0 = Release|Any CPU
		{5DDB3BAE-617A-417A-B6AA-68F82B48E3AF}.Release|iPhoneSimulator.ActiveCfg = Release|Any CPU
		{5DDB3BAE-617A-417A-B6AA-68F82B48E3AF}.Release|iPhoneSimulator.Build.0 = Release|Any CPU
		{F36FC024-B7D6-4512-BF4C-AEC8B0C93CE2}.Ad-Hoc|Any CPU.ActiveCfg = Release|Any CPU
		{F36FC024-B7D6-4512-BF4C-AEC8B0C93CE2}.Ad-Hoc|iPhone.ActiveCfg = Release|Any CPU
		{F36FC024-B7D6-4512-BF4C-AEC8B0C93CE2}.Ad-Hoc|iPhoneSimulator.ActiveCfg = Release|Any CPU
		{F36FC024-B7D6-4512-BF4C-AEC8B0C93CE2}.AppStore|Any CPU.ActiveCfg = Release|Any CPU
		{F36FC024-B7D6-4512-BF4C-AEC8B0C93CE2}.AppStore|iPhone.ActiveCfg = Release|Any CPU
		{F36FC024-B7D6-4512-BF4C-AEC8B0C93CE2}.AppStore|iPhoneSimulator.ActiveCfg = Release|Any CPU
		{F36FC024-B7D6-4512-BF4C-AEC8B0C93CE2}.Debug|Any CPU.ActiveCfg = Debug|Any CPU
		{F36FC024-B7D6-4512-BF4C-AEC8B0C93CE2}.Debug|Any CPU.Build.0 = Debug|Any CPU
		{F36FC024-B7D6-4512-BF4C-AEC8B0C93CE2}.Debug|iPhone.ActiveCfg = Debug|Any CPU
		{F36FC024-B7D6-4512-BF4C-AEC8B0C93CE2}.Debug|iPhoneSimulator.ActiveCfg = Debug|Any CPU
		{F36FC024-B7D6-4512-BF4C-AEC8B0C93CE2}.Release|Any CPU.ActiveCfg = Release|Any CPU
		{F36FC024-B7D6-4512-BF4C-AEC8B0C93CE2}.Release|Any CPU.Build.0 = Release|Any CPU
		{F36FC024-B7D6-4512-BF4C-AEC8B0C93CE2}.Release|iPhone.ActiveCfg = Release|Any CPU
		{F36FC024-B7D6-4512-BF4C-AEC8B0C93CE2}.Release|iPhoneSimulator.ActiveCfg = Release|Any CPU
		{3FB59A6F-9438-433D-A3BA-247D914A06AE}.Ad-Hoc|Any CPU.ActiveCfg = Release|iPhoneSimulator
		{3FB59A6F-9438-433D-A3BA-247D914A06AE}.Ad-Hoc|iPhone.ActiveCfg = Release|iPhone
		{3FB59A6F-9438-433D-A3BA-247D914A06AE}.Ad-Hoc|iPhoneSimulator.ActiveCfg = Release|iPhoneSimulator
		{3FB59A6F-9438-433D-A3BA-247D914A06AE}.AppStore|Any CPU.ActiveCfg = Release|iPhoneSimulator
		{3FB59A6F-9438-433D-A3BA-247D914A06AE}.AppStore|iPhone.ActiveCfg = Release|iPhone
		{3FB59A6F-9438-433D-A3BA-247D914A06AE}.AppStore|iPhoneSimulator.ActiveCfg = Release|iPhoneSimulator
		{3FB59A6F-9438-433D-A3BA-247D914A06AE}.Debug|Any CPU.ActiveCfg = Debug|iPhone
		{3FB59A6F-9438-433D-A3BA-247D914A06AE}.Debug|iPhone.ActiveCfg = Debug|iPhone
		{3FB59A6F-9438-433D-A3BA-247D914A06AE}.Debug|iPhone.Build.0 = Debug|iPhone
		{3FB59A6F-9438-433D-A3BA-247D914A06AE}.Debug|iPhoneSimulator.ActiveCfg = Debug|iPhoneSimulator
		{3FB59A6F-9438-433D-A3BA-247D914A06AE}.Debug|iPhoneSimulator.Build.0 = Debug|iPhoneSimulator
		{3FB59A6F-9438-433D-A3BA-247D914A06AE}.Release|Any CPU.ActiveCfg = Release|iPhone
		{3FB59A6F-9438-433D-A3BA-247D914A06AE}.Release|iPhone.ActiveCfg = Release|iPhone
		{3FB59A6F-9438-433D-A3BA-247D914A06AE}.Release|iPhone.Build.0 = Release|iPhone
		{3FB59A6F-9438-433D-A3BA-247D914A06AE}.Release|iPhoneSimulator.ActiveCfg = Release|iPhoneSimulator
		{3FB59A6F-9438-433D-A3BA-247D914A06AE}.Release|iPhoneSimulator.Build.0 = Release|iPhoneSimulator
		{18408F16-3AEB-4095-949F-3299BACA8B58}.Ad-Hoc|Any CPU.ActiveCfg = Release|Any CPU
		{18408F16-3AEB-4095-949F-3299BACA8B58}.Ad-Hoc|iPhone.ActiveCfg = Release|Any CPU
		{18408F16-3AEB-4095-949F-3299BACA8B58}.Ad-Hoc|iPhoneSimulator.ActiveCfg = Release|Any CPU
		{18408F16-3AEB-4095-949F-3299BACA8B58}.AppStore|Any CPU.ActiveCfg = Release|Any CPU
		{18408F16-3AEB-4095-949F-3299BACA8B58}.AppStore|iPhone.ActiveCfg = Release|Any CPU
		{18408F16-3AEB-4095-949F-3299BACA8B58}.AppStore|iPhoneSimulator.ActiveCfg = Release|Any CPU
		{18408F16-3AEB-4095-949F-3299BACA8B58}.Debug|Any CPU.ActiveCfg = Debug|Any CPU
		{18408F16-3AEB-4095-949F-3299BACA8B58}.Debug|Any CPU.Build.0 = Debug|Any CPU
		{18408F16-3AEB-4095-949F-3299BACA8B58}.Debug|iPhone.ActiveCfg = Debug|Any CPU
		{18408F16-3AEB-4095-949F-3299BACA8B58}.Debug|iPhoneSimulator.ActiveCfg = Debug|Any CPU
		{18408F16-3AEB-4095-949F-3299BACA8B58}.Release|Any CPU.ActiveCfg = Release|Any CPU
		{18408F16-3AEB-4095-949F-3299BACA8B58}.Release|Any CPU.Build.0 = Release|Any CPU
		{18408F16-3AEB-4095-949F-3299BACA8B58}.Release|iPhone.ActiveCfg = Release|Any CPU
		{18408F16-3AEB-4095-949F-3299BACA8B58}.Release|iPhoneSimulator.ActiveCfg = Release|Any CPU
		{03F5EB27-28E4-4309-962C-628C73475478}.Ad-Hoc|Any CPU.ActiveCfg = Release|Any CPU
		{03F5EB27-28E4-4309-962C-628C73475478}.Ad-Hoc|iPhone.ActiveCfg = Release|Any CPU
		{03F5EB27-28E4-4309-962C-628C73475478}.Ad-Hoc|iPhoneSimulator.ActiveCfg = Release|Any CPU
		{03F5EB27-28E4-4309-962C-628C73475478}.AppStore|Any CPU.ActiveCfg = Release|Any CPU
		{03F5EB27-28E4-4309-962C-628C73475478}.AppStore|iPhone.ActiveCfg = Release|Any CPU
		{03F5EB27-28E4-4309-962C-628C73475478}.AppStore|iPhoneSimulator.ActiveCfg = Release|Any CPU
		{03F5EB27-28E4-4309-962C-628C73475478}.Debug|Any CPU.ActiveCfg = Debug|Any CPU
		{03F5EB27-28E4-4309-962C-628C73475478}.Debug|Any CPU.Build.0 = Debug|Any CPU
		{03F5EB27-28E4-4309-962C-628C73475478}.Debug|iPhone.ActiveCfg = Debug|Any CPU
		{03F5EB27-28E4-4309-962C-628C73475478}.Debug|iPhoneSimulator.ActiveCfg = Debug|Any CPU
		{03F5EB27-28E4-4309-962C-628C73475478}.Release|Any CPU.ActiveCfg = Release|Any CPU
		{03F5EB27-28E4-4309-962C-628C73475478}.Release|Any CPU.Build.0 = Release|Any CPU
		{03F5EB27-28E4-4309-962C-628C73475478}.Release|iPhone.ActiveCfg = Release|Any CPU
		{03F5EB27-28E4-4309-962C-628C73475478}.Release|iPhoneSimulator.ActiveCfg = Release|Any CPU
		{9735C6AC-AAEE-4768-B8DB-E29A2FAFF4F9}.Ad-Hoc|Any CPU.ActiveCfg = Release|Any CPU
		{9735C6AC-AAEE-4768-B8DB-E29A2FAFF4F9}.Ad-Hoc|Any CPU.Build.0 = Release|Any CPU
		{9735C6AC-AAEE-4768-B8DB-E29A2FAFF4F9}.Ad-Hoc|iPhone.ActiveCfg = Release|Any CPU
		{9735C6AC-AAEE-4768-B8DB-E29A2FAFF4F9}.Ad-Hoc|iPhone.Build.0 = Release|Any CPU
		{9735C6AC-AAEE-4768-B8DB-E29A2FAFF4F9}.Ad-Hoc|iPhoneSimulator.ActiveCfg = Release|Any CPU
		{9735C6AC-AAEE-4768-B8DB-E29A2FAFF4F9}.Ad-Hoc|iPhoneSimulator.Build.0 = Release|Any CPU
		{9735C6AC-AAEE-4768-B8DB-E29A2FAFF4F9}.AppStore|Any CPU.ActiveCfg = Release|Any CPU
		{9735C6AC-AAEE-4768-B8DB-E29A2FAFF4F9}.AppStore|Any CPU.Build.0 = Release|Any CPU
		{9735C6AC-AAEE-4768-B8DB-E29A2FAFF4F9}.AppStore|iPhone.ActiveCfg = Release|Any CPU
		{9735C6AC-AAEE-4768-B8DB-E29A2FAFF4F9}.AppStore|iPhone.Build.0 = Release|Any CPU
		{9735C6AC-AAEE-4768-B8DB-E29A2FAFF4F9}.AppStore|iPhoneSimulator.ActiveCfg = Release|Any CPU
		{9735C6AC-AAEE-4768-B8DB-E29A2FAFF4F9}.AppStore|iPhoneSimulator.Build.0 = Release|Any CPU
		{9735C6AC-AAEE-4768-B8DB-E29A2FAFF4F9}.Debug|Any CPU.ActiveCfg = Debug|Any CPU
		{9735C6AC-AAEE-4768-B8DB-E29A2FAFF4F9}.Debug|iPhone.ActiveCfg = Debug|Any CPU
		{9735C6AC-AAEE-4768-B8DB-E29A2FAFF4F9}.Debug|iPhone.Build.0 = Debug|Any CPU
		{9735C6AC-AAEE-4768-B8DB-E29A2FAFF4F9}.Debug|iPhoneSimulator.ActiveCfg = Debug|Any CPU
		{9735C6AC-AAEE-4768-B8DB-E29A2FAFF4F9}.Debug|iPhoneSimulator.Build.0 = Debug|Any CPU
		{9735C6AC-AAEE-4768-B8DB-E29A2FAFF4F9}.Release|Any CPU.ActiveCfg = Release|Any CPU
		{9735C6AC-AAEE-4768-B8DB-E29A2FAFF4F9}.Release|Any CPU.Build.0 = Release|Any CPU
		{9735C6AC-AAEE-4768-B8DB-E29A2FAFF4F9}.Release|iPhone.ActiveCfg = Release|Any CPU
		{9735C6AC-AAEE-4768-B8DB-E29A2FAFF4F9}.Release|iPhone.Build.0 = Release|Any CPU
		{9735C6AC-AAEE-4768-B8DB-E29A2FAFF4F9}.Release|iPhoneSimulator.ActiveCfg = Release|Any CPU
		{9735C6AC-AAEE-4768-B8DB-E29A2FAFF4F9}.Release|iPhoneSimulator.Build.0 = Release|Any CPU
		{D8B702CE-A49B-4A21-88F3-9648E0051AB6}.Ad-Hoc|Any CPU.ActiveCfg = Release|iPhoneSimulator
		{D8B702CE-A49B-4A21-88F3-9648E0051AB6}.Ad-Hoc|iPhone.ActiveCfg = Release|iPhone
		{D8B702CE-A49B-4A21-88F3-9648E0051AB6}.Ad-Hoc|iPhoneSimulator.ActiveCfg = Release|iPhoneSimulator
		{D8B702CE-A49B-4A21-88F3-9648E0051AB6}.AppStore|Any CPU.ActiveCfg = Release|iPhoneSimulator
		{D8B702CE-A49B-4A21-88F3-9648E0051AB6}.AppStore|iPhone.ActiveCfg = Release|iPhone
		{D8B702CE-A49B-4A21-88F3-9648E0051AB6}.AppStore|iPhoneSimulator.ActiveCfg = Release|iPhoneSimulator
		{D8B702CE-A49B-4A21-88F3-9648E0051AB6}.Debug|Any CPU.ActiveCfg = Debug|iPhone
		{D8B702CE-A49B-4A21-88F3-9648E0051AB6}.Debug|iPhone.ActiveCfg = Debug|iPhone
		{D8B702CE-A49B-4A21-88F3-9648E0051AB6}.Debug|iPhone.Build.0 = Debug|iPhone
		{D8B702CE-A49B-4A21-88F3-9648E0051AB6}.Debug|iPhoneSimulator.ActiveCfg = Debug|iPhoneSimulator
		{D8B702CE-A49B-4A21-88F3-9648E0051AB6}.Debug|iPhoneSimulator.Build.0 = Debug|iPhoneSimulator
		{D8B702CE-A49B-4A21-88F3-9648E0051AB6}.Release|Any CPU.ActiveCfg = Release|iPhone
		{D8B702CE-A49B-4A21-88F3-9648E0051AB6}.Release|iPhone.ActiveCfg = Release|iPhone
		{D8B702CE-A49B-4A21-88F3-9648E0051AB6}.Release|iPhone.Build.0 = Release|iPhone
		{D8B702CE-A49B-4A21-88F3-9648E0051AB6}.Release|iPhoneSimulator.ActiveCfg = Release|iPhoneSimulator
		{D8B702CE-A49B-4A21-88F3-9648E0051AB6}.Release|iPhoneSimulator.Build.0 = Release|iPhoneSimulator
	EndGlobalSection
	GlobalSection(SolutionProperties) = preSolution
		HideSolutionNode = FALSE
	EndGlobalSection
	GlobalSection(NestedProjects) = preSolution
		{9C956B45-460F-4EFE-B462-0DB6CA91A50D} = {C022688D-6A2D-4129-8E33-E247269DF0FE}
		{06432085-F969-4FB0-860B-6AC0F7B0F69D} = {C022688D-6A2D-4129-8E33-E247269DF0FE}
		{A54356BD-9CC4-4DE0-A8DC-9B2D9D6ED288} = {D206A682-2B43-4B0B-B511-5933338553E8}
		{5DDB3BAE-617A-417A-B6AA-68F82B48E3AF} = {D206A682-2B43-4B0B-B511-5933338553E8}
		{F36FC024-B7D6-4512-BF4C-AEC8B0C93CE2} = {D206A682-2B43-4B0B-B511-5933338553E8}
		{03F5EB27-28E4-4309-962C-628C73475478} = {D206A682-2B43-4B0B-B511-5933338553E8}
	EndGlobalSection
	GlobalSection(MonoDevelopProperties) = preSolution
		Policies = $0
		$0.DotNetNamingPolicy = $1
		$1.DirectoryNamespaceAssociation = PrefixedHierarchical
		$0.StandardHeader = $2
		$2.IncludeInNewFiles = False
		$0.TextStylePolicy = $4
		$0.TextStylePolicy = $5
		$5.FileWidth = 180
		$5.TabsToSpaces = True
		$5.scope = text/x-csharp
		$0.CSharpFormattingPolicy = $6
		$6.scope = text/x-csharp
	EndGlobalSection
EndGlobal
