Microsoft Visual Studio Solution File, Format Version 12.00
# Visual Studio 15
VisualStudioVersion = 15.0.26430.12
MinimumVisualStudioVersion = 10.0.40219.1
Project("{2150E333-8FDC-42A3-9474-1A3956D46DE8}") = "ServiceReference", "ServiceReference", "{C022688D-6A2D-4129-8E33-E247269DF0FE}"
EndProject
Project("{2150E333-8FDC-42A3-9474-1A3956D46DE8}") = "Libraries", "Libraries", "{D206A682-2B43-4B0B-B511-5933338553E8}"
EndProject
Project("{FAE04EC0-301F-11D3-BF4B-00C04F79EFBC}") = "reMark.Mobile.Droid", "reMark.Mobile.Droid\reMark.Mobile.Droid.csproj", "{18408F16-3AEB-4095-949F-3299BACA8B58}"
EndProject
Project("{2150E333-8FDC-42A3-9474-1A3956D46DE8}") = "Solution Items", "Solution Items", "{DC97EE97-0B0E-4532-AF9F-D64DBF0301DA}"
	ProjectSection(SolutionItems) = preProject
		package.json = package.json
		.editorconfig = .editorconfig
	EndProjectSection
EndProject
Project("{FAE04EC0-301F-11D3-BF4B-00C04F79EFBC}") = "reMark.Mobile.Classes", "reMark.Mobile.Classes\reMark.Mobile.Classes.csproj", "{FAB9D9A4-00BD-4B3E-A533-4B92FC18C8E9}"
EndProject
Project("{FAE04EC0-301F-11D3-BF4B-00C04F79EFBC}") = "reMark.Mobile.Common", "reMark.Mobile.Common\reMark.Mobile.Common.csproj", "{9FC66723-EE50-491F-BA81-0B0E09884469}"
EndProject
Project("{FAE04EC0-301F-11D3-BF4B-00C04F79EFBC}") = "reMark.ServiceReference", "reMark.ServiceReference\reMark.ServiceReference.csproj", "{44B93ED3-5905-4A08-B7C7-CCB00FE21938}"
EndProject
Project("{FAE04EC0-301F-11D3-BF4B-00C04F79EFBC}") = "reMark.ServiceReference.Exceptions", "reMark.ServiceReference.Exceptions\reMark.ServiceReference.Exceptions.csproj", "{A8FC98C8-10E1-4835-BE78-36F563D922AD}"
EndProject
Project("{FAE04EC0-301F-11D3-BF4B-00C04F79EFBC}") = "TinyMessenger", "TinyMessenger\TinyMessenger.csproj", "{961F62F5-80F7-4B46-85E7-E291957BDB6D}"
EndProject
Project("{FAE04EC0-301F-11D3-BF4B-00C04F79EFBC}") = "FastScrollRecycler", "FastScroller\FastScrollRecycler.csproj", "{F36FC024-B7D6-4512-BF4C-AEC8B0C93CE2}"
EndProject
Project("{FAE04EC0-301F-11D3-BF4B-00C04F79EFBC}") = "reMark.Mobile.IOS", "reMark.Mobile.IOS\reMark.Mobile.IOS.csproj", "{3FB59A6F-9438-433D-A3BA-247D914A06AE}"
EndProject
Project("{FAE04EC0-301F-11D3-BF4B-00C04F79EFBC}") = "SVProgressHUD", "SVProgressHUD\SVProgressHUD.csproj", "{5DDB3BAE-617A-417A-B6AA-68F82B48E3AF}"
EndProject
Project("{FAE04EC0-301F-11D3-BF4B-00C04F79EFBC}") = "reMark.Mobile.IOS.Common", "reMark.Mobile.IOS.Common\reMark.Mobile.IOS.Common.csproj", "{9735C6AC-AAEE-4768-B8DB-E29A2FAFF4F9}"
EndProject
Project("{FAE04EC0-301F-11D3-BF4B-00C04F79EFBC}") = "reMARK.Mobile.IOS.Extensions.Share", "reMark.Mobile.IOS.Extensions.Share\reMARK.Mobile.IOS.Extensions.Share.csproj", "{48232B40-1114-4046-8932-394D094F0281}"
EndProject
Global
	GlobalSection(SolutionConfigurationPlatforms) = preSolution
		Ad-Hoc|Any CPU = Ad-Hoc|Any CPU
		Ad-Hoc|iPhone = Ad-Hoc|iPhone
		Ad-Hoc|iPhoneSimulator = Ad-Hoc|iPhoneSimulator
		AppStore|Any CPU = AppStore|Any CPU
		AppStore|iPhone = AppStore|iPhone
		AppStore|iPhoneSimulator = AppStore|iPhoneSimulator
		Debug|Any CPU = Debug|Any CPU
		Debug|iPhone = Debug|iPhone
		Debug|iPhoneSimulator = Debug|iPhoneSimulator
		Release|Any CPU = Release|Any CPU
		Release|iPhone = Release|iPhone
		Release|iPhoneSimulator = Release|iPhoneSimulator
	EndGlobalSection
	GlobalSection(ProjectConfigurationPlatforms) = postSolution
		{18408F16-3AEB-4095-949F-3299BACA8B58}.Ad-Hoc|Any CPU.ActiveCfg = Release|Any CPU
		{18408F16-3AEB-4095-949F-3299BACA8B58}.Ad-Hoc|iPhone.ActiveCfg = Release|Any CPU
		{18408F16-3AEB-4095-949F-3299BACA8B58}.Ad-Hoc|iPhoneSimulator.ActiveCfg = Release|Any CPU
		{18408F16-3AEB-4095-949F-3299BACA8B58}.AppStore|Any CPU.ActiveCfg = Release|Any CPU
		{18408F16-3AEB-4095-949F-3299BACA8B58}.AppStore|iPhone.ActiveCfg = Release|Any CPU
		{18408F16-3AEB-4095-949F-3299BACA8B58}.AppStore|iPhoneSimulator.ActiveCfg = Release|Any CPU
		{18408F16-3AEB-4095-949F-3299BACA8B58}.Debug|Any CPU.ActiveCfg = Debug|Any CPU
		{18408F16-3AEB-4095-949F-3299BACA8B58}.Debug|Any CPU.Build.0 = Debug|Any CPU
		{18408F16-3AEB-4095-949F-3299BACA8B58}.Debug|iPhone.ActiveCfg = Debug|Any CPU
		{18408F16-3AEB-4095-949F-3299BACA8B58}.Debug|iPhoneSimulator.ActiveCfg = Debug|Any CPU
		{18408F16-3AEB-4095-949F-3299BACA8B58}.Release|Any CPU.ActiveCfg = Release|Any CPU
		{18408F16-3AEB-4095-949F-3299BACA8B58}.Release|Any CPU.Build.0 = Release|Any CPU
		{18408F16-3AEB-4095-949F-3299BACA8B58}.Release|iPhone.ActiveCfg = Release|Any CPU
		{18408F16-3AEB-4095-949F-3299BACA8B58}.Release|iPhoneSimulator.ActiveCfg = Release|Any CPU
		{18408F16-3AEB-4095-949F-3299BACA8B58}.Ad-Hoc|Any CPU.Build.0 = Release|Any CPU
		{18408F16-3AEB-4095-949F-3299BACA8B58}.Ad-Hoc|iPhone.Build.0 = Release|Any CPU
		{18408F16-3AEB-4095-949F-3299BACA8B58}.Ad-Hoc|iPhoneSimulator.Build.0 = Release|Any CPU
		{18408F16-3AEB-4095-949F-3299BACA8B58}.AppStore|Any CPU.Build.0 = Release|Any CPU
		{18408F16-3AEB-4095-949F-3299BACA8B58}.AppStore|iPhone.Build.0 = Release|Any CPU
		{18408F16-3AEB-4095-949F-3299BACA8B58}.AppStore|iPhoneSimulator.Build.0 = Release|Any CPU
		{18408F16-3AEB-4095-949F-3299BACA8B58}.Debug|iPhone.Build.0 = Debug|Any CPU
		{18408F16-3AEB-4095-949F-3299BACA8B58}.Debug|iPhoneSimulator.Build.0 = Debug|Any CPU
		{18408F16-3AEB-4095-949F-3299BACA8B58}.Release|iPhone.Build.0 = Release|Any CPU
		{18408F16-3AEB-4095-949F-3299BACA8B58}.Release|iPhoneSimulator.Build.0 = Release|Any CPU
		{FAB9D9A4-00BD-4B3E-A533-4B92FC18C8E9}.Ad-Hoc|Any CPU.ActiveCfg = Release|Any CPU
		{FAB9D9A4-00BD-4B3E-A533-4B92FC18C8E9}.Ad-Hoc|Any CPU.Build.0 = Release|Any CPU
		{FAB9D9A4-00BD-4B3E-A533-4B92FC18C8E9}.Ad-Hoc|iPhone.ActiveCfg = Release|Any CPU
		{FAB9D9A4-00BD-4B3E-A533-4B92FC18C8E9}.Ad-Hoc|iPhone.Build.0 = Release|Any CPU
		{FAB9D9A4-00BD-4B3E-A533-4B92FC18C8E9}.Ad-Hoc|iPhoneSimulator.ActiveCfg = Release|Any CPU
		{FAB9D9A4-00BD-4B3E-A533-4B92FC18C8E9}.Ad-Hoc|iPhoneSimulator.Build.0 = Release|Any CPU
		{FAB9D9A4-00BD-4B3E-A533-4B92FC18C8E9}.AppStore|Any CPU.ActiveCfg = Release|Any CPU
		{FAB9D9A4-00BD-4B3E-A533-4B92FC18C8E9}.AppStore|Any CPU.Build.0 = Release|Any CPU
		{FAB9D9A4-00BD-4B3E-A533-4B92FC18C8E9}.AppStore|iPhone.ActiveCfg = Release|Any CPU
		{FAB9D9A4-00BD-4B3E-A533-4B92FC18C8E9}.AppStore|iPhone.Build.0 = Release|Any CPU
		{FAB9D9A4-00BD-4B3E-A533-4B92FC18C8E9}.AppStore|iPhoneSimulator.ActiveCfg = Release|Any CPU
		{FAB9D9A4-00BD-4B3E-A533-4B92FC18C8E9}.AppStore|iPhoneSimulator.Build.0 = Release|Any CPU
		{FAB9D9A4-00BD-4B3E-A533-4B92FC18C8E9}.Debug|Any CPU.ActiveCfg = Debug|Any CPU
		{FAB9D9A4-00BD-4B3E-A533-4B92FC18C8E9}.Debug|Any CPU.Build.0 = Debug|Any CPU
		{FAB9D9A4-00BD-4B3E-A533-4B92FC18C8E9}.Debug|iPhone.ActiveCfg = Debug|Any CPU
		{FAB9D9A4-00BD-4B3E-A533-4B92FC18C8E9}.Debug|iPhone.Build.0 = Debug|Any CPU
		{FAB9D9A4-00BD-4B3E-A533-4B92FC18C8E9}.Debug|iPhoneSimulator.ActiveCfg = Debug|Any CPU
		{FAB9D9A4-00BD-4B3E-A533-4B92FC18C8E9}.Debug|iPhoneSimulator.Build.0 = Debug|Any CPU
		{FAB9D9A4-00BD-4B3E-A533-4B92FC18C8E9}.Release|Any CPU.ActiveCfg = Release|Any CPU
		{FAB9D9A4-00BD-4B3E-A533-4B92FC18C8E9}.Release|Any CPU.Build.0 = Release|Any CPU
		{FAB9D9A4-00BD-4B3E-A533-4B92FC18C8E9}.Release|iPhone.ActiveCfg = Release|Any CPU
		{FAB9D9A4-00BD-4B3E-A533-4B92FC18C8E9}.Release|iPhone.Build.0 = Release|Any CPU
		{FAB9D9A4-00BD-4B3E-A533-4B92FC18C8E9}.Release|iPhoneSimulator.ActiveCfg = Release|Any CPU
		{FAB9D9A4-00BD-4B3E-A533-4B92FC18C8E9}.Release|iPhoneSimulator.Build.0 = Release|Any CPU
		{9FC66723-EE50-491F-BA81-0B0E09884469}.Ad-Hoc|Any CPU.ActiveCfg = Release|Any CPU
		{9FC66723-EE50-491F-BA81-0B0E09884469}.Ad-Hoc|Any CPU.Build.0 = Release|Any CPU
		{9FC66723-EE50-491F-BA81-0B0E09884469}.Ad-Hoc|iPhone.ActiveCfg = Release|Any CPU
		{9FC66723-EE50-491F-BA81-0B0E09884469}.Ad-Hoc|iPhone.Build.0 = Release|Any CPU
		{9FC66723-EE50-491F-BA81-0B0E09884469}.Ad-Hoc|iPhoneSimulator.ActiveCfg = Release|Any CPU
		{9FC66723-EE50-491F-BA81-0B0E09884469}.Ad-Hoc|iPhoneSimulator.Build.0 = Release|Any CPU
		{9FC66723-EE50-491F-BA81-0B0E09884469}.AppStore|Any CPU.ActiveCfg = Release|Any CPU
		{9FC66723-EE50-491F-BA81-0B0E09884469}.AppStore|Any CPU.Build.0 = Release|Any CPU
		{9FC66723-EE50-491F-BA81-0B0E09884469}.AppStore|iPhone.ActiveCfg = Release|Any CPU
		{9FC66723-EE50-491F-BA81-0B0E09884469}.AppStore|iPhone.Build.0 = Release|Any CPU
		{9FC66723-EE50-491F-BA81-0B0E09884469}.AppStore|iPhoneSimulator.ActiveCfg = Release|Any CPU
		{9FC66723-EE50-491F-BA81-0B0E09884469}.AppStore|iPhoneSimulator.Build.0 = Release|Any CPU
		{9FC66723-EE50-491F-BA81-0B0E09884469}.Debug|Any CPU.ActiveCfg = Debug|Any CPU
		{9FC66723-EE50-491F-BA81-0B0E09884469}.Debug|Any CPU.Build.0 = Debug|Any CPU
		{9FC66723-EE50-491F-BA81-0B0E09884469}.Debug|iPhone.ActiveCfg = Debug|Any CPU
		{9FC66723-EE50-491F-BA81-0B0E09884469}.Debug|iPhone.Build.0 = Debug|Any CPU
		{9FC66723-EE50-491F-BA81-0B0E09884469}.Debug|iPhoneSimulator.ActiveCfg = Debug|Any CPU
		{9FC66723-EE50-491F-BA81-0B0E09884469}.Debug|iPhoneSimulator.Build.0 = Debug|Any CPU
		{9FC66723-EE50-491F-BA81-0B0E09884469}.Release|Any CPU.ActiveCfg = Release|Any CPU
		{9FC66723-EE50-491F-BA81-0B0E09884469}.Release|Any CPU.Build.0 = Release|Any CPU
		{9FC66723-EE50-491F-BA81-0B0E09884469}.Release|iPhone.ActiveCfg = Release|Any CPU
		{9FC66723-EE50-491F-BA81-0B0E09884469}.Release|iPhone.Build.0 = Release|Any CPU
		{9FC66723-EE50-491F-BA81-0B0E09884469}.Release|iPhoneSimulator.ActiveCfg = Release|Any CPU
		{9FC66723-EE50-491F-BA81-0B0E09884469}.Release|iPhoneSimulator.Build.0 = Release|Any CPU
		{44B93ED3-5905-4A08-B7C7-CCB00FE21938}.Ad-Hoc|Any CPU.ActiveCfg = Release|Any CPU
		{44B93ED3-5905-4A08-B7C7-CCB00FE21938}.Ad-Hoc|Any CPU.Build.0 = Release|Any CPU
		{44B93ED3-5905-4A08-B7C7-CCB00FE21938}.Ad-Hoc|iPhone.ActiveCfg = Release|Any CPU
		{44B93ED3-5905-4A08-B7C7-CCB00FE21938}.Ad-Hoc|iPhone.Build.0 = Release|Any CPU
		{44B93ED3-5905-4A08-B7C7-CCB00FE21938}.Ad-Hoc|iPhoneSimulator.ActiveCfg = Release|Any CPU
		{44B93ED3-5905-4A08-B7C7-CCB00FE21938}.Ad-Hoc|iPhoneSimulator.Build.0 = Release|Any CPU
		{44B93ED3-5905-4A08-B7C7-CCB00FE21938}.AppStore|Any CPU.ActiveCfg = Release|Any CPU
		{44B93ED3-5905-4A08-B7C7-CCB00FE21938}.AppStore|Any CPU.Build.0 = Release|Any CPU
		{44B93ED3-5905-4A08-B7C7-CCB00FE21938}.AppStore|iPhone.ActiveCfg = Release|Any CPU
		{44B93ED3-5905-4A08-B7C7-CCB00FE21938}.AppStore|iPhone.Build.0 = Release|Any CPU
		{44B93ED3-5905-4A08-B7C7-CCB00FE21938}.AppStore|iPhoneSimulator.ActiveCfg = Release|Any CPU
		{44B93ED3-5905-4A08-B7C7-CCB00FE21938}.AppStore|iPhoneSimulator.Build.0 = Release|Any CPU
		{44B93ED3-5905-4A08-B7C7-CCB00FE21938}.Debug|Any CPU.ActiveCfg = Debug|Any CPU
		{44B93ED3-5905-4A08-B7C7-CCB00FE21938}.Debug|Any CPU.Build.0 = Debug|Any CPU
		{44B93ED3-5905-4A08-B7C7-CCB00FE21938}.Debug|iPhone.ActiveCfg = Debug|Any CPU
		{44B93ED3-5905-4A08-B7C7-CCB00FE21938}.Debug|iPhone.Build.0 = Debug|Any CPU
		{44B93ED3-5905-4A08-B7C7-CCB00FE21938}.Debug|iPhoneSimulator.ActiveCfg = Debug|Any CPU
		{44B93ED3-5905-4A08-B7C7-CCB00FE21938}.Debug|iPhoneSimulator.Build.0 = Debug|Any CPU
		{44B93ED3-5905-4A08-B7C7-CCB00FE21938}.Release|Any CPU.ActiveCfg = Release|Any CPU
		{44B93ED3-5905-4A08-B7C7-CCB00FE21938}.Release|Any CPU.Build.0 = Release|Any CPU
		{44B93ED3-5905-4A08-B7C7-CCB00FE21938}.Release|iPhone.ActiveCfg = Release|Any CPU
		{44B93ED3-5905-4A08-B7C7-CCB00FE21938}.Release|iPhone.Build.0 = Release|Any CPU
		{44B93ED3-5905-4A08-B7C7-CCB00FE21938}.Release|iPhoneSimulator.ActiveCfg = Release|Any CPU
		{44B93ED3-5905-4A08-B7C7-CCB00FE21938}.Release|iPhoneSimulator.Build.0 = Release|Any CPU
		{A8FC98C8-10E1-4835-BE78-36F563D922AD}.Ad-Hoc|Any CPU.ActiveCfg = Release|Any CPU
		{A8FC98C8-10E1-4835-BE78-36F563D922AD}.Ad-Hoc|Any CPU.Build.0 = Release|Any CPU
		{A8FC98C8-10E1-4835-BE78-36F563D922AD}.Ad-Hoc|iPhone.ActiveCfg = Release|Any CPU
		{A8FC98C8-10E1-4835-BE78-36F563D922AD}.Ad-Hoc|iPhone.Build.0 = Release|Any CPU
		{A8FC98C8-10E1-4835-BE78-36F563D922AD}.Ad-Hoc|iPhoneSimulator.ActiveCfg = Release|Any CPU
		{A8FC98C8-10E1-4835-BE78-36F563D922AD}.Ad-Hoc|iPhoneSimulator.Build.0 = Release|Any CPU
		{A8FC98C8-10E1-4835-BE78-36F563D922AD}.AppStore|Any CPU.ActiveCfg = Release|Any CPU
		{A8FC98C8-10E1-4835-BE78-36F563D922AD}.AppStore|Any CPU.Build.0 = Release|Any CPU
		{A8FC98C8-10E1-4835-BE78-36F563D922AD}.AppStore|iPhone.ActiveCfg = Release|Any CPU
		{A8FC98C8-10E1-4835-BE78-36F563D922AD}.AppStore|iPhone.Build.0 = Release|Any CPU
		{A8FC98C8-10E1-4835-BE78-36F563D922AD}.AppStore|iPhoneSimulator.ActiveCfg = Release|Any CPU
		{A8FC98C8-10E1-4835-BE78-36F563D922AD}.AppStore|iPhoneSimulator.Build.0 = Release|Any CPU
		{A8FC98C8-10E1-4835-BE78-36F563D922AD}.Debug|Any CPU.ActiveCfg = Debug|Any CPU
		{A8FC98C8-10E1-4835-BE78-36F563D922AD}.Debug|Any CPU.Build.0 = Debug|Any CPU
		{A8FC98C8-10E1-4835-BE78-36F563D922AD}.Debug|iPhone.ActiveCfg = Debug|Any CPU
		{A8FC98C8-10E1-4835-BE78-36F563D922AD}.Debug|iPhone.Build.0 = Debug|Any CPU
		{A8FC98C8-10E1-4835-BE78-36F563D922AD}.Debug|iPhoneSimulator.ActiveCfg = Debug|Any CPU
		{A8FC98C8-10E1-4835-BE78-36F563D922AD}.Debug|iPhoneSimulator.Build.0 = Debug|Any CPU
		{A8FC98C8-10E1-4835-BE78-36F563D922AD}.Release|Any CPU.ActiveCfg = Release|Any CPU
		{A8FC98C8-10E1-4835-BE78-36F563D922AD}.Release|Any CPU.Build.0 = Release|Any CPU
		{A8FC98C8-10E1-4835-BE78-36F563D922AD}.Release|iPhone.ActiveCfg = Release|Any CPU
		{A8FC98C8-10E1-4835-BE78-36F563D922AD}.Release|iPhone.Build.0 = Release|Any CPU
		{A8FC98C8-10E1-4835-BE78-36F563D922AD}.Release|iPhoneSimulator.ActiveCfg = Release|Any CPU
		{A8FC98C8-10E1-4835-BE78-36F563D922AD}.Release|iPhoneSimulator.Build.0 = Release|Any CPU
		{961F62F5-80F7-4B46-85E7-E291957BDB6D}.Ad-Hoc|Any CPU.ActiveCfg = Release|Any CPU
		{961F62F5-80F7-4B46-85E7-E291957BDB6D}.Ad-Hoc|Any CPU.Build.0 = Release|Any CPU
		{961F62F5-80F7-4B46-85E7-E291957BDB6D}.Ad-Hoc|iPhone.ActiveCfg = Release|Any CPU
		{961F62F5-80F7-4B46-85E7-E291957BDB6D}.Ad-Hoc|iPhone.Build.0 = Release|Any CPU
		{961F62F5-80F7-4B46-85E7-E291957BDB6D}.Ad-Hoc|iPhoneSimulator.ActiveCfg = Release|Any CPU
		{961F62F5-80F7-4B46-85E7-E291957BDB6D}.Ad-Hoc|iPhoneSimulator.Build.0 = Release|Any CPU
		{961F62F5-80F7-4B46-85E7-E291957BDB6D}.AppStore|Any CPU.ActiveCfg = Release|Any CPU
		{961F62F5-80F7-4B46-85E7-E291957BDB6D}.AppStore|Any CPU.Build.0 = Release|Any CPU
		{961F62F5-80F7-4B46-85E7-E291957BDB6D}.AppStore|iPhone.ActiveCfg = Release|Any CPU
		{961F62F5-80F7-4B46-85E7-E291957BDB6D}.AppStore|iPhone.Build.0 = Release|Any CPU
		{961F62F5-80F7-4B46-85E7-E291957BDB6D}.AppStore|iPhoneSimulator.ActiveCfg = Release|Any CPU
		{961F62F5-80F7-4B46-85E7-E291957BDB6D}.AppStore|iPhoneSimulator.Build.0 = Release|Any CPU
		{961F62F5-80F7-4B46-85E7-E291957BDB6D}.Debug|Any CPU.ActiveCfg = Debug|Any CPU
		{961F62F5-80F7-4B46-85E7-E291957BDB6D}.Debug|Any CPU.Build.0 = Debug|Any CPU
		{961F62F5-80F7-4B46-85E7-E291957BDB6D}.Debug|iPhone.ActiveCfg = Debug|Any CPU
		{961F62F5-80F7-4B46-85E7-E291957BDB6D}.Debug|iPhone.Build.0 = Debug|Any CPU
		{961F62F5-80F7-4B46-85E7-E291957BDB6D}.Debug|iPhoneSimulator.ActiveCfg = Debug|Any CPU
		{961F62F5-80F7-4B46-85E7-E291957BDB6D}.Debug|iPhoneSimulator.Build.0 = Debug|Any CPU
		{961F62F5-80F7-4B46-85E7-E291957BDB6D}.Release|Any CPU.ActiveCfg = Release|Any CPU
		{961F62F5-80F7-4B46-85E7-E291957BDB6D}.Release|Any CPU.Build.0 = Release|Any CPU
		{961F62F5-80F7-4B46-85E7-E291957BDB6D}.Release|iPhone.ActiveCfg = Release|Any CPU
		{961F62F5-80F7-4B46-85E7-E291957BDB6D}.Release|iPhone.Build.0 = Release|Any CPU
		{961F62F5-80F7-4B46-85E7-E291957BDB6D}.Release|iPhoneSimulator.ActiveCfg = Release|Any CPU
		{961F62F5-80F7-4B46-85E7-E291957BDB6D}.Release|iPhoneSimulator.Build.0 = Release|Any CPU
		{F36FC024-B7D6-4512-BF4C-AEC8B0C93CE2}.Ad-Hoc|Any CPU.ActiveCfg = Release|Any CPU
		{F36FC024-B7D6-4512-BF4C-AEC8B0C93CE2}.Ad-Hoc|Any CPU.Build.0 = Release|Any CPU
		{F36FC024-B7D6-4512-BF4C-AEC8B0C93CE2}.Ad-Hoc|iPhone.ActiveCfg = Release|Any CPU
		{F36FC024-B7D6-4512-BF4C-AEC8B0C93CE2}.Ad-Hoc|iPhone.Build.0 = Release|Any CPU
		{F36FC024-B7D6-4512-BF4C-AEC8B0C93CE2}.Ad-Hoc|iPhoneSimulator.ActiveCfg = Release|Any CPU
		{F36FC024-B7D6-4512-BF4C-AEC8B0C93CE2}.Ad-Hoc|iPhoneSimulator.Build.0 = Release|Any CPU
		{F36FC024-B7D6-4512-BF4C-AEC8B0C93CE2}.AppStore|Any CPU.ActiveCfg = Release|Any CPU
		{F36FC024-B7D6-4512-BF4C-AEC8B0C93CE2}.AppStore|Any CPU.Build.0 = Release|Any CPU
		{F36FC024-B7D6-4512-BF4C-AEC8B0C93CE2}.AppStore|iPhone.ActiveCfg = Release|Any CPU
		{F36FC024-B7D6-4512-BF4C-AEC8B0C93CE2}.AppStore|iPhone.Build.0 = Release|Any CPU
		{F36FC024-B7D6-4512-BF4C-AEC8B0C93CE2}.AppStore|iPhoneSimulator.ActiveCfg = Release|Any CPU
		{F36FC024-B7D6-4512-BF4C-AEC8B0C93CE2}.AppStore|iPhoneSimulator.Build.0 = Release|Any CPU
		{F36FC024-B7D6-4512-BF4C-AEC8B0C93CE2}.Debug|Any CPU.ActiveCfg = Debug|Any CPU
		{F36FC024-B7D6-4512-BF4C-AEC8B0C93CE2}.Debug|Any CPU.Build.0 = Debug|Any CPU
		{F36FC024-B7D6-4512-BF4C-AEC8B0C93CE2}.Debug|iPhone.ActiveCfg = Debug|Any CPU
		{F36FC024-B7D6-4512-BF4C-AEC8B0C93CE2}.Debug|iPhone.Build.0 = Debug|Any CPU
		{F36FC024-B7D6-4512-BF4C-AEC8B0C93CE2}.Debug|iPhoneSimulator.ActiveCfg = Debug|Any CPU
		{F36FC024-B7D6-4512-BF4C-AEC8B0C93CE2}.Debug|iPhoneSimulator.Build.0 = Debug|Any CPU
		{F36FC024-B7D6-4512-BF4C-AEC8B0C93CE2}.Release|Any CPU.ActiveCfg = Release|Any CPU
		{F36FC024-B7D6-4512-BF4C-AEC8B0C93CE2}.Release|Any CPU.Build.0 = Release|Any CPU
		{F36FC024-B7D6-4512-BF4C-AEC8B0C93CE2}.Release|iPhone.ActiveCfg = Release|Any CPU
		{F36FC024-B7D6-4512-BF4C-AEC8B0C93CE2}.Release|iPhone.Build.0 = Release|Any CPU
		{F36FC024-B7D6-4512-BF4C-AEC8B0C93CE2}.Release|iPhoneSimulator.ActiveCfg = Release|Any CPU
		{F36FC024-B7D6-4512-BF4C-AEC8B0C93CE2}.Release|iPhoneSimulator.Build.0 = Release|Any CPU
		{3FB59A6F-9438-433D-A3BA-247D914A06AE}.Ad-Hoc|Any CPU.ActiveCfg = Release_iPhoneSimulator|Any CPU
		{3FB59A6F-9438-433D-A3BA-247D914A06AE}.Ad-Hoc|Any CPU.Build.0 = Release_iPhoneSimulator|Any CPU
		{3FB59A6F-9438-433D-A3BA-247D914A06AE}.Ad-Hoc|iPhone.ActiveCfg = Release_iPhoneSimulator|Any CPU
		{3FB59A6F-9438-433D-A3BA-247D914A06AE}.Ad-Hoc|iPhone.Build.0 = Release_iPhoneSimulator|Any CPU
		{3FB59A6F-9438-433D-A3BA-247D914A06AE}.Ad-Hoc|iPhoneSimulator.ActiveCfg = Release_iPhoneSimulator|Any CPU
		{3FB59A6F-9438-433D-A3BA-247D914A06AE}.Ad-Hoc|iPhoneSimulator.Build.0 = Release_iPhoneSimulator|Any CPU
		{3FB59A6F-9438-433D-A3BA-247D914A06AE}.AppStore|Any CPU.ActiveCfg = Release_iPhoneSimulator|Any CPU
		{3FB59A6F-9438-433D-A3BA-247D914A06AE}.AppStore|Any CPU.Build.0 = Release_iPhoneSimulator|Any CPU
		{3FB59A6F-9438-433D-A3BA-247D914A06AE}.AppStore|iPhone.ActiveCfg = Release_iPhoneSimulator|Any CPU
		{3FB59A6F-9438-433D-A3BA-247D914A06AE}.AppStore|iPhone.Build.0 = Release_iPhoneSimulator|Any CPU
		{3FB59A6F-9438-433D-A3BA-247D914A06AE}.AppStore|iPhoneSimulator.ActiveCfg = Release_iPhoneSimulator|Any CPU
		{3FB59A6F-9438-433D-A3BA-247D914A06AE}.AppStore|iPhoneSimulator.Build.0 = Release_iPhoneSimulator|Any CPU
		{3FB59A6F-9438-433D-A3BA-247D914A06AE}.Debug|iPhoneSimulator.ActiveCfg = Debug_iPhoneSimulator|Any CPU
		{3FB59A6F-9438-433D-A3BA-247D914A06AE}.Debug|iPhoneSimulator.Build.0 = Debug_iPhoneSimulator|Any CPU
		{3FB59A6F-9438-433D-A3BA-247D914A06AE}.Release|Any CPU.ActiveCfg = Release_iPhoneSimulator|Any CPU
		{3FB59A6F-9438-433D-A3BA-247D914A06AE}.Release|Any CPU.Build.0 = Release_iPhoneSimulator|Any CPU
		{3FB59A6F-9438-433D-A3BA-247D914A06AE}.Release|iPhone.ActiveCfg = Release_iPhoneSimulator|Any CPU
		{3FB59A6F-9438-433D-A3BA-247D914A06AE}.Release|iPhone.Build.0 = Release_iPhoneSimulator|Any CPU
		{3FB59A6F-9438-433D-A3BA-247D914A06AE}.Release|iPhoneSimulator.ActiveCfg = Release_iPhoneSimulator|Any CPU
		{3FB59A6F-9438-433D-A3BA-247D914A06AE}.Release|iPhoneSimulator.Build.0 = Release_iPhoneSimulator|Any CPU
		{3FB59A6F-9438-433D-A3BA-247D914A06AE}.Debug|iPhone.ActiveCfg = Debug|Any CPU
		{3FB59A6F-9438-433D-A3BA-247D914A06AE}.Debug|iPhone.Build.0 = Debug|Any CPU
		{3FB59A6F-9438-433D-A3BA-247D914A06AE}.Debug|Any CPU.ActiveCfg = Debug|Any CPU
		{3FB59A6F-9438-433D-A3BA-247D914A06AE}.Debug|Any CPU.Build.0 = Debug|Any CPU
		{5DDB3BAE-617A-417A-B6AA-68F82B48E3AF}.Ad-Hoc|Any CPU.ActiveCfg = Release|Any CPU
		{5DDB3BAE-617A-417A-B6AA-68F82B48E3AF}.Ad-Hoc|Any CPU.Build.0 = Release|Any CPU
		{5DDB3BAE-617A-417A-B6AA-68F82B48E3AF}.Ad-Hoc|iPhone.ActiveCfg = Release|Any CPU
		{5DDB3BAE-617A-417A-B6AA-68F82B48E3AF}.Ad-Hoc|iPhone.Build.0 = Release|Any CPU
		{5DDB3BAE-617A-417A-B6AA-68F82B48E3AF}.Ad-Hoc|iPhoneSimulator.ActiveCfg = Release|Any CPU
		{5DDB3BAE-617A-417A-B6AA-68F82B48E3AF}.Ad-Hoc|iPhoneSimulator.Build.0 = Release|Any CPU
		{5DDB3BAE-617A-417A-B6AA-68F82B48E3AF}.AppStore|Any CPU.ActiveCfg = Release|Any CPU
		{5DDB3BAE-617A-417A-B6AA-68F82B48E3AF}.AppStore|Any CPU.Build.0 = Release|Any CPU
		{5DDB3BAE-617A-417A-B6AA-68F82B48E3AF}.AppStore|iPhone.ActiveCfg = Release|Any CPU
		{5DDB3BAE-617A-417A-B6AA-68F82B48E3AF}.AppStore|iPhone.Build.0 = Release|Any CPU
		{5DDB3BAE-617A-417A-B6AA-68F82B48E3AF}.AppStore|iPhoneSimulator.ActiveCfg = Release|Any CPU
		{5DDB3BAE-617A-417A-B6AA-68F82B48E3AF}.AppStore|iPhoneSimulator.Build.0 = Release|Any CPU
		{5DDB3BAE-617A-417A-B6AA-68F82B48E3AF}.Debug|Any CPU.ActiveCfg = Debug|Any CPU
		{5DDB3BAE-617A-417A-B6AA-68F82B48E3AF}.Debug|Any CPU.Build.0 = Debug|Any CPU
		{5DDB3BAE-617A-417A-B6AA-68F82B48E3AF}.Debug|iPhone.ActiveCfg = Debug|Any CPU
		{5DDB3BAE-617A-417A-B6AA-68F82B48E3AF}.Debug|iPhone.Build.0 = Debug|Any CPU
		{5DDB3BAE-617A-417A-B6AA-68F82B48E3AF}.Debug|iPhoneSimulator.ActiveCfg = Debug|Any CPU
		{5DDB3BAE-617A-417A-B6AA-68F82B48E3AF}.Debug|iPhoneSimulator.Build.0 = Debug|Any CPU
		{5DDB3BAE-617A-417A-B6AA-68F82B48E3AF}.Release|Any CPU.ActiveCfg = Release|Any CPU
		{5DDB3BAE-617A-417A-B6AA-68F82B48E3AF}.Release|Any CPU.Build.0 = Release|Any CPU
		{5DDB3BAE-617A-417A-B6AA-68F82B48E3AF}.Release|iPhone.ActiveCfg = Release|Any CPU
		{5DDB3BAE-617A-417A-B6AA-68F82B48E3AF}.Release|iPhone.Build.0 = Release|Any CPU
		{5DDB3BAE-617A-417A-B6AA-68F82B48E3AF}.Release|iPhoneSimulator.ActiveCfg = Release|Any CPU
		{5DDB3BAE-617A-417A-B6AA-68F82B48E3AF}.Release|iPhoneSimulator.Build.0 = Release|Any CPU
		{9735C6AC-AAEE-4768-B8DB-E29A2FAFF4F9}.Ad-Hoc|Any CPU.ActiveCfg = Release|Any CPU
		{9735C6AC-AAEE-4768-B8DB-E29A2FAFF4F9}.Ad-Hoc|Any CPU.Build.0 = Release|Any CPU
		{9735C6AC-AAEE-4768-B8DB-E29A2FAFF4F9}.Ad-Hoc|iPhone.ActiveCfg = Release|Any CPU
		{9735C6AC-AAEE-4768-B8DB-E29A2FAFF4F9}.Ad-Hoc|iPhone.Build.0 = Release|Any CPU
		{9735C6AC-AAEE-4768-B8DB-E29A2FAFF4F9}.Ad-Hoc|iPhoneSimulator.ActiveCfg = Release|Any CPU
		{9735C6AC-AAEE-4768-B8DB-E29A2FAFF4F9}.Ad-Hoc|iPhoneSimulator.Build.0 = Release|Any CPU
		{9735C6AC-AAEE-4768-B8DB-E29A2FAFF4F9}.AppStore|Any CPU.ActiveCfg = Release|Any CPU
		{9735C6AC-AAEE-4768-B8DB-E29A2FAFF4F9}.AppStore|Any CPU.Build.0 = Release|Any CPU
		{9735C6AC-AAEE-4768-B8DB-E29A2FAFF4F9}.AppStore|iPhone.ActiveCfg = Release|Any CPU
		{9735C6AC-AAEE-4768-B8DB-E29A2FAFF4F9}.AppStore|iPhone.Build.0 = Release|Any CPU
		{9735C6AC-AAEE-4768-B8DB-E29A2FAFF4F9}.AppStore|iPhoneSimulator.ActiveCfg = Release|Any CPU
		{9735C6AC-AAEE-4768-B8DB-E29A2FAFF4F9}.AppStore|iPhoneSimulator.Build.0 = Release|Any CPU
		{9735C6AC-AAEE-4768-B8DB-E29A2FAFF4F9}.Debug|Any CPU.ActiveCfg = Debug|Any CPU
		{9735C6AC-AAEE-4768-B8DB-E29A2FAFF4F9}.Debug|Any CPU.Build.0 = Debug|Any CPU
		{9735C6AC-AAEE-4768-B8DB-E29A2FAFF4F9}.Debug|iPhone.ActiveCfg = Debug|Any CPU
		{9735C6AC-AAEE-4768-B8DB-E29A2FAFF4F9}.Debug|iPhone.Build.0 = Debug|Any CPU
		{9735C6AC-AAEE-4768-B8DB-E29A2FAFF4F9}.Debug|iPhoneSimulator.ActiveCfg = Debug|Any CPU
		{9735C6AC-AAEE-4768-B8DB-E29A2FAFF4F9}.Debug|iPhoneSimulator.Build.0 = Debug|Any CPU
		{9735C6AC-AAEE-4768-B8DB-E29A2FAFF4F9}.Release|Any CPU.ActiveCfg = Release|Any CPU
		{9735C6AC-AAEE-4768-B8DB-E29A2FAFF4F9}.Release|Any CPU.Build.0 = Release|Any CPU
		{9735C6AC-AAEE-4768-B8DB-E29A2FAFF4F9}.Release|iPhone.ActiveCfg = Release|Any CPU
		{9735C6AC-AAEE-4768-B8DB-E29A2FAFF4F9}.Release|iPhone.Build.0 = Release|Any CPU
		{9735C6AC-AAEE-4768-B8DB-E29A2FAFF4F9}.Release|iPhoneSimulator.ActiveCfg = Release|Any CPU
		{9735C6AC-AAEE-4768-B8DB-E29A2FAFF4F9}.Release|iPhoneSimulator.Build.0 = Release|Any CPU
		{48232B40-1114-4046-8932-394D094F0281}.Ad-Hoc|Any CPU.ActiveCfg = Debug|iPhoneSimulator
		{48232B40-1114-4046-8932-394D094F0281}.Ad-Hoc|Any CPU.Build.0 = Debug|iPhoneSimulator
		{48232B40-1114-4046-8932-394D094F0281}.Ad-Hoc|iPhone.ActiveCfg = Debug|iPhoneSimulator
		{48232B40-1114-4046-8932-394D094F0281}.Ad-Hoc|iPhone.Build.0 = Debug|iPhoneSimulator
		{48232B40-1114-4046-8932-394D094F0281}.Ad-Hoc|iPhoneSimulator.ActiveCfg = Debug|iPhoneSimulator
		{48232B40-1114-4046-8932-394D094F0281}.Ad-Hoc|iPhoneSimulator.Build.0 = Debug|iPhoneSimulator
		{48232B40-1114-4046-8932-394D094F0281}.AppStore|Any CPU.ActiveCfg = Debug|iPhoneSimulator
		{48232B40-1114-4046-8932-394D094F0281}.AppStore|Any CPU.Build.0 = Debug|iPhoneSimulator
		{48232B40-1114-4046-8932-394D094F0281}.AppStore|iPhone.ActiveCfg = Debug|iPhoneSimulator
		{48232B40-1114-4046-8932-394D094F0281}.AppStore|iPhone.Build.0 = Debug|iPhoneSimulator
		{48232B40-1114-4046-8932-394D094F0281}.AppStore|iPhoneSimulator.ActiveCfg = Debug|iPhoneSimulator
		{48232B40-1114-4046-8932-394D094F0281}.AppStore|iPhoneSimulator.Build.0 = Debug|iPhoneSimulator
		{48232B40-1114-4046-8932-394D094F0281}.Debug|Any CPU.ActiveCfg = Debug|Any CPU
		{48232B40-1114-4046-8932-394D094F0281}.Debug|Any CPU.Build.0 = Debug|Any CPU
		{48232B40-1114-4046-8932-394D094F0281}.Debug|iPhone.ActiveCfg = Debug|iPhone
		{48232B40-1114-4046-8932-394D094F0281}.Debug|iPhone.Build.0 = Debug|iPhone
		{48232B40-1114-4046-8932-394D094F0281}.Debug|iPhoneSimulator.ActiveCfg = Debug|iPhoneSimulator
		{48232B40-1114-4046-8932-394D094F0281}.Debug|iPhoneSimulator.Build.0 = Debug|iPhoneSimulator
		{48232B40-1114-4046-8932-394D094F0281}.Release|Any CPU.ActiveCfg = Release|Any CPU
		{48232B40-1114-4046-8932-394D094F0281}.Release|Any CPU.Build.0 = Release|Any CPU
		{48232B40-1114-4046-8932-394D094F0281}.Release|iPhone.ActiveCfg = Release|iPhone
		{48232B40-1114-4046-8932-394D094F0281}.Release|iPhone.Build.0 = Release|iPhone
		{48232B40-1114-4046-8932-394D094F0281}.Release|iPhoneSimulator.ActiveCfg = Release|iPhoneSimulator
		{48232B40-1114-4046-8932-394D094F0281}.Release|iPhoneSimulator.Build.0 = Release|iPhoneSimulator
	EndGlobalSection
	GlobalSection(SolutionProperties) = preSolution
		HideSolutionNode = FALSE
	EndGlobalSection
	GlobalSection(NestedProjects) = preSolution
		{44B93ED3-5905-4A08-B7C7-CCB00FE21938} = {C022688D-6A2D-4129-8E33-E247269DF0FE}
		{A8FC98C8-10E1-4835-BE78-36F563D922AD} = {C022688D-6A2D-4129-8E33-E247269DF0FE}
		{961F62F5-80F7-4B46-85E7-E291957BDB6D} = {D206A682-2B43-4B0B-B511-5933338553E8}
		{F36FC024-B7D6-4512-BF4C-AEC8B0C93CE2} = {D206A682-2B43-4B0B-B511-5933338553E8}
		{5DDB3BAE-617A-417A-B6AA-68F82B48E3AF} = {D206A682-2B43-4B0B-B511-5933338553E8}
	EndGlobalSection
	GlobalSection(MonoDevelopProperties) = preSolution
		Policies = $0
		$0.DotNetNamingPolicy = $1
		$1.DirectoryNamespaceAssociation = PrefixedHierarchical
		$0.StandardHeader = $2
		$2.IncludeInNewFiles = False
		$0.TextStylePolicy = $4
		$0.TextStylePolicy = $5
		$5.FileWidth = 180
		$5.TabsToSpaces = True
		$5.scope = text/x-csharp
		$0.CSharpFormattingPolicy = $6
		$6.scope = text/x-csharp
	EndGlobalSection
EndGlobal
