
Microsoft Visual Studio Solution File, Format Version 12.00
# Visual Studio Version 16
VisualStudioVersion = 25.0.1706.9
MinimumVisualStudioVersion = 10.0.40219.1
Project("{FAE04EC0-301F-11D3-BF4B-00C04F79EFBC}") = "reMark.Mobile.IOS", "reMark.Mobile.IOS.csproj", "{3FB59A6F-9438-433D-A3BA-247D914A06AE}"
EndProject
Global
	GlobalSection(SolutionConfigurationPlatforms) = preSolution
		Debug|Any CPU = Debug|Any CPU
		Release|Any CPU = Release|Any CPU
	EndGlobalSection
	GlobalSection(ProjectConfigurationPlatforms) = postSolution
		{3FB59A6F-9438-433D-A3BA-247D914A06AE}.Debug|Any CPU.ActiveCfg = Debug|Any CPU
		{3FB59A6F-9438-433D-A3BA-247D914A06AE}.Debug|Any CPU.Build.0 = Debug|Any CPU
		{3FB59A6F-9438-433D-A3BA-247D914A06AE}.Release|Any CPU.ActiveCfg = Release|Any CPU
		{3FB59A6F-9438-433D-A3BA-247D914A06AE}.Release|Any CPU.Build.0 = Release|Any CPU
	EndGlobalSection
	GlobalSection(SolutionProperties) = preSolution
		HideSolutionNode = FALSE
	EndGlobalSection
	GlobalSection(ExtensibilityGlobals) = postSolution
		SolutionGuid = {8CC537AF-6E04-442E-8742-581F2DACAC32}
	EndGlobalSection
EndGlobal
